
Microsoft Visual Studio Solution File, Format Version 12.00
# Visual Studio Version 16
VisualStudioVersion = 16.0.30711.63
MinimumVisualStudioVersion = 10.0.40219.1
Project("{9A19103F-16F7-4668-BE54-9A1E7A4F7556}") = "SchOOD.Web", "SchOOD.Web\SchOOD.Web.csproj", "{0667C771-421C-4EC7-9081-566C8EAB2605}"
EndProject
Project("{9A19103F-16F7-4668-BE54-9A1E7A4F7556}") = "SchOOD.Web.Fake", "SchOOD.Web.Fake\SchOOD.Web.Fake.csproj", "{0667C772-421C-4EC7-9081-566C8EAB2605}"
EndProject
Project("{9A19103F-16F7-4668-BE54-9A1E7A4F7556}") = "SchOOD.Models", "SchOOD.Models\SchOOD.Models.csproj", "{93D8A8A0-BFCB-444F-879D-8C717170454C}"
EndProject
Project("{9A19103F-16F7-4668-BE54-9A1E7A4F7556}") = "SchOOD.DataBase", "SchOOD.DataBase\SchOOD.DataBase.csproj", "{3D106322-34E2-4FBC-AF9D-F297C5A7A039}"
EndProject
Project("{9A19103F-16F7-4668-BE54-9A1E7A4F7556}") = "SchOOD.DataBase.Manager", "SchOOD.DataBase.Manager\SchOOD.DataBase.Manager.csproj", "{BD1EE73F-80F0-4133-8238-6733D5989D07}"
EndProject
Project("{9A19103F-16F7-4668-BE54-9A1E7A4F7556}") = "SchOOD.Core", "SchOOD.Core\SchOOD.Core.csproj", "{232917B0-7737-485A-9A25-9EE672186DFB}"
EndProject
Project("{9A19103F-16F7-4668-BE54-9A1E7A4F7556}") = "SchOOD.Test", "SchOOD.Test\SchOOD.Test.csproj", "{2B9C324B-B728-40FB-8613-3E13FE9B2EFF}"
EndProject
Global
	GlobalSection(SolutionConfigurationPlatforms) = preSolution
		Debug|Any CPU = Debug|Any CPU
		Release|Any CPU = Release|Any CPU
	EndGlobalSection
	GlobalSection(ProjectConfigurationPlatforms) = postSolution
		{0667C771-421C-4EC7-9081-566C8EAB2605}.Debug|Any CPU.ActiveCfg = Debug|Any CPU
		{0667C771-421C-4EC7-9081-566C8EAB2605}.Debug|Any CPU.Build.0 = Debug|Any CPU
		{0667C771-421C-4EC7-9081-566C8EAB2605}.Release|Any CPU.ActiveCfg = Release|Any CPU
		{0667C771-421C-4EC7-9081-566C8EAB2605}.Release|Any CPU.Build.0 = Release|Any CPU
		{0667C772-421C-4EC7-9081-566C8EAB2605}.Debug|Any CPU.ActiveCfg = Debug|Any CPU
		{0667C772-421C-4EC7-9081-566C8EAB2605}.Debug|Any CPU.Build.0 = Debug|Any CPU
		{0667C772-421C-4EC7-9081-566C8EAB2605}.Release|Any CPU.ActiveCfg = Release|Any CPU
		{0667C772-421C-4EC7-9081-566C8EAB2605}.Release|Any CPU.Build.0 = Release|Any CPU
		{93D8A8A0-BFCB-444F-879D-8C717170454C}.Debug|Any CPU.ActiveCfg = Debug|Any CPU
		{93D8A8A0-BFCB-444F-879D-8C717170454C}.Debug|Any CPU.Build.0 = Debug|Any CPU
		{93D8A8A0-BFCB-444F-879D-8C717170454C}.Release|Any CPU.ActiveCfg = Release|Any CPU
		{93D8A8A0-BFCB-444F-879D-8C717170454C}.Release|Any CPU.Build.0 = Release|Any CPU
		{3D106322-34E2-4FBC-AF9D-F297C5A7A039}.Debug|Any CPU.ActiveCfg = Debug|Any CPU
		{3D106322-34E2-4FBC-AF9D-F297C5A7A039}.Debug|Any CPU.Build.0 = Debug|Any CPU
		{3D106322-34E2-4FBC-AF9D-F297C5A7A039}.Release|Any CPU.ActiveCfg = Release|Any CPU
		{3D106322-34E2-4FBC-AF9D-F297C5A7A039}.Release|Any CPU.Build.0 = Release|Any CPU
		{BD1EE73F-80F0-4133-8238-6733D5989D07}.Debug|Any CPU.ActiveCfg = Debug|Any CPU
		{BD1EE73F-80F0-4133-8238-6733D5989D07}.Debug|Any CPU.Build.0 = Debug|Any CPU
		{BD1EE73F-80F0-4133-8238-6733D5989D07}.Release|Any CPU.ActiveCfg = Release|Any CPU
		{BD1EE73F-80F0-4133-8238-6733D5989D07}.Release|Any CPU.Build.0 = Release|Any CPU
		{232917B0-7737-485A-9A25-9EE672186DFB}.Debug|Any CPU.ActiveCfg = Debug|Any CPU
		{232917B0-7737-485A-9A25-9EE672186DFB}.Debug|Any CPU.Build.0 = Debug|Any CPU
		{232917B0-7737-485A-9A25-9EE672186DFB}.Release|Any CPU.ActiveCfg = Release|Any CPU
		{232917B0-7737-485A-9A25-9EE672186DFB}.Release|Any CPU.Build.0 = Release|Any CPU
		{2B9C324B-B728-40FB-8613-3E13FE9B2EFF}.Debug|Any CPU.ActiveCfg = Debug|Any CPU
		{2B9C324B-B728-40FB-8613-3E13FE9B2EFF}.Debug|Any CPU.Build.0 = Debug|Any CPU
		{2B9C324B-B728-40FB-8613-3E13FE9B2EFF}.Release|Any CPU.ActiveCfg = Release|Any CPU
		{2B9C324B-B728-40FB-8613-3E13FE9B2EFF}.Release|Any CPU.Build.0 = Release|Any CPU
	EndGlobalSection
	GlobalSection(SolutionProperties) = preSolution
		HideSolutionNode = FALSE
	EndGlobalSection
	GlobalSection(ExtensibilityGlobals) = postSolution
		SolutionGuid = {2E5416A8-E025-4711-97A2-48B84E61EE32}
	EndGlobalSection
EndGlobal
